# This file is automatically @generated by Cargo.
# It is not intended for manual editing.
version = 3

[[package]]
name = "a-is-the-list-growing"
version = "0.1.0"

[[package]]
name = "b-determine-the-type-of-sequence"
version = "0.1.0"

[[package]]
name = "c-nearest-number"
version = "0.1.0"

[[package]]
name = "d-bigger-than-neighbours"
version = "0.1.0"
